
Microsoft Visual Studio Solution File, Format Version 12.00
# Visual Studio Version 17
VisualStudioVersion = 17.14.36212.18
MinimumVisualStudioVersion = 10.0.40219.1
Project("{FAE04EC0-301F-11D3-BF4B-00C04F79EFBC}") = "Estudo0", "Estudo0\Estudo0.csproj", "{9E05690E-E1BB-4385-B39E-C5C941561C94}"
EndProject
Project("{FAE04EC0-301F-11D3-BF4B-00C04F79EFBC}") = "Estudo00", "Estudo00\Estudo00.csproj", "{A275FD84-B688-419E-8D98-F32AA8A3B196}"
EndProject
Project("{FAE04EC0-301F-11D3-BF4B-00C04F79EFBC}") = "Estudo01", "Estudo01\Estudo01.csproj", "{64C27C97-043D-460F-A0E6-4FA948F16BA0}"
EndProject
Project("{FAE04EC0-301F-11D3-BF4B-00C04F79EFBC}") = "Estudo1", "Estudo1\Estudo1.csproj", "{EFD25F73-5C00-4075-B923-366721533C85}"
EndProject
Project("{FAE04EC0-301F-11D3-BF4B-00C04F79EFBC}") = "Estudo02", "Estudo02\Estudo02.csproj", "{D152F5C5-262B-4340-AB56-4555D91F48E0}"
EndProject
Project("{FAE04EC0-301F-11D3-BF4B-00C04F79EFBC}") = "Estudo2", "Estudo2\Estudo2.csproj", "{DBBD5FD6-A59F-41E9-BC44-025D9CABB1EF}"
EndProject
Project("{FAE04EC0-301F-11D3-BF4B-00C04F79EFBC}") = "Estudo03", "Estudo03\Estudo03.csproj", "{A16664A3-B4D3-4FE6-9301-5CF6A844DA35}"
EndProject
Project("{FAE04EC0-301F-11D3-BF4B-00C04F79EFBC}") = "Estudo3", "Estudo3\Estudo3.csproj", "{694807B1-527A-47D2-BF02-1821AA52868E}"
EndProject
Project("{FAE04EC0-301F-11D3-BF4B-00C04F79EFBC}") = "Estudo04", "Estudo04\Estudo04.csproj", "{5C401BF0-5B53-48D9-A195-3C21473993C8}"
EndProject
Project("{FAE04EC0-301F-11D3-BF4B-00C04F79EFBC}") = "Estudo4", "Estudo4\Estudo4.csproj", "{D81F07C5-C414-454E-9000-85FE5389775F}"
EndProject
Project("{FAE04EC0-301F-11D3-BF4B-00C04F79EFBC}") = "Estudo05", "Estudo05\Estudo05.csproj", "{7E523EAB-CD1A-4C04-97FA-F7867B5043D9}"
EndProject
Project("{FAE04EC0-301F-11D3-BF4B-00C04F79EFBC}") = "Estudo5", "Estudo5\Estudo5.csproj", "{6DB5B320-81D5-4114-BC4E-1E636DF44F6F}"
EndProject
Project("{FAE04EC0-301F-11D3-BF4B-00C04F79EFBC}") = "Estudo06", "Estudo06\Estudo06.csproj", "{6EBDFC0B-497B-431E-932C-5884F429D355}"
EndProject
Project("{FAE04EC0-301F-11D3-BF4B-00C04F79EFBC}") = "Estiudo6", "Estiudo6\Estiudo6.csproj", "{FF4AD936-BA9D-4900-A7BF-46C94F2F095E}"
EndProject
Project("{FAE04EC0-301F-11D3-BF4B-00C04F79EFBC}") = "Estudo6", "Estudo6\Estudo6.csproj", "{62F81A7B-5F35-44D4-9563-DA4EEDA71349}"
EndProject
Project("{FAE04EC0-301F-11D3-BF4B-00C04F79EFBC}") = "Estudo07", "Estudo07\Estudo07.csproj", "{42C7360D-507A-46E9-97A3-DF44C453409C}"
EndProject
Project("{FAE04EC0-301F-11D3-BF4B-00C04F79EFBC}") = "Estudo7", "Estudo7\Estudo7.csproj", "{F5644768-E0FB-42D0-9BF2-689B87F22C0A}"
EndProject
Project("{FAE04EC0-301F-11D3-BF4B-00C04F79EFBC}") = "Estudo08", "Estudo08\Estudo08.csproj", "{A0339B32-8A51-4207-B8DE-8A026E0E6BC8}"
EndProject
Project("{FAE04EC0-301F-11D3-BF4B-00C04F79EFBC}") = "Estudo8", "Estudo8\Estudo8.csproj", "{7DB7A898-67EA-403A-8CEB-455DF889504E}"
EndProject
Project("{FAE04EC0-301F-11D3-BF4B-00C04F79EFBC}") = "Estudo09", "Estudo09\Estudo09.csproj", "{D4719CC7-9894-469E-95B5-46481415E546}"
EndProject
Project("{FAE04EC0-301F-11D3-BF4B-00C04F79EFBC}") = "Estudo9", "Estudo9\Estudo9.csproj", "{0F62E841-4A66-40D7-BCDC-7110B2FBE011}"
EndProject
Project("{FAE04EC0-301F-11D3-BF4B-00C04F79EFBC}") = "Estudo10", "Estudo10\Estudo10.csproj", "{5C37A1AB-87BD-4604-896A-5CF5E698816B}"
EndProject
Project("{FAE04EC0-301F-11D3-BF4B-00C04F79EFBC}") = "Estudo11", "Estudo11\Estudo11.csproj", "{0ED99295-35E7-4745-BF91-CF9274200C0E}"
EndProject
Project("{FAE04EC0-301F-11D3-BF4B-00C04F79EFBC}") = "Estudo12", "Estudo12\Estudo12.csproj", "{22191605-0282-4733-AB37-42399D824EA9}"
EndProject
Project("{FAE04EC0-301F-11D3-BF4B-00C04F79EFBC}") = "Estudo13", "Estudo13\Estudo13.csproj", "{5EEB48AD-E276-4212-8D6D-75CCAA77520D}"
EndProject
Global
	GlobalSection(SolutionConfigurationPlatforms) = preSolution
		Debug|Any CPU = Debug|Any CPU
		Release|Any CPU = Release|Any CPU
	EndGlobalSection
	GlobalSection(ProjectConfigurationPlatforms) = postSolution
		{9E05690E-E1BB-4385-B39E-C5C941561C94}.Debug|Any CPU.ActiveCfg = Debug|Any CPU
		{9E05690E-E1BB-4385-B39E-C5C941561C94}.Debug|Any CPU.Build.0 = Debug|Any CPU
		{9E05690E-E1BB-4385-B39E-C5C941561C94}.Release|Any CPU.ActiveCfg = Release|Any CPU
		{9E05690E-E1BB-4385-B39E-C5C941561C94}.Release|Any CPU.Build.0 = Release|Any CPU
		{A275FD84-B688-419E-8D98-F32AA8A3B196}.Debug|Any CPU.ActiveCfg = Debug|Any CPU
		{A275FD84-B688-419E-8D98-F32AA8A3B196}.Debug|Any CPU.Build.0 = Debug|Any CPU
		{A275FD84-B688-419E-8D98-F32AA8A3B196}.Release|Any CPU.ActiveCfg = Release|Any CPU
		{A275FD84-B688-419E-8D98-F32AA8A3B196}.Release|Any CPU.Build.0 = Release|Any CPU
		{64C27C97-043D-460F-A0E6-4FA948F16BA0}.Debug|Any CPU.ActiveCfg = Debug|Any CPU
		{64C27C97-043D-460F-A0E6-4FA948F16BA0}.Debug|Any CPU.Build.0 = Debug|Any CPU
		{64C27C97-043D-460F-A0E6-4FA948F16BA0}.Release|Any CPU.ActiveCfg = Release|Any CPU
		{64C27C97-043D-460F-A0E6-4FA948F16BA0}.Release|Any CPU.Build.0 = Release|Any CPU
		{EFD25F73-5C00-4075-B923-366721533C85}.Debug|Any CPU.ActiveCfg = Debug|Any CPU
		{EFD25F73-5C00-4075-B923-366721533C85}.Debug|Any CPU.Build.0 = Debug|Any CPU
		{EFD25F73-5C00-4075-B923-366721533C85}.Release|Any CPU.ActiveCfg = Release|Any CPU
		{EFD25F73-5C00-4075-B923-366721533C85}.Release|Any CPU.Build.0 = Release|Any CPU
		{D152F5C5-262B-4340-AB56-4555D91F48E0}.Debug|Any CPU.ActiveCfg = Debug|Any CPU
		{D152F5C5-262B-4340-AB56-4555D91F48E0}.Debug|Any CPU.Build.0 = Debug|Any CPU
		{D152F5C5-262B-4340-AB56-4555D91F48E0}.Release|Any CPU.ActiveCfg = Release|Any CPU
		{D152F5C5-262B-4340-AB56-4555D91F48E0}.Release|Any CPU.Build.0 = Release|Any CPU
		{DBBD5FD6-A59F-41E9-BC44-025D9CABB1EF}.Debug|Any CPU.ActiveCfg = Debug|Any CPU
		{DBBD5FD6-A59F-41E9-BC44-025D9CABB1EF}.Debug|Any CPU.Build.0 = Debug|Any CPU
		{DBBD5FD6-A59F-41E9-BC44-025D9CABB1EF}.Release|Any CPU.ActiveCfg = Release|Any CPU
		{DBBD5FD6-A59F-41E9-BC44-025D9CABB1EF}.Release|Any CPU.Build.0 = Release|Any CPU
		{A16664A3-B4D3-4FE6-9301-5CF6A844DA35}.Debug|Any CPU.ActiveCfg = Debug|Any CPU
		{A16664A3-B4D3-4FE6-9301-5CF6A844DA35}.Debug|Any CPU.Build.0 = Debug|Any CPU
		{A16664A3-B4D3-4FE6-9301-5CF6A844DA35}.Release|Any CPU.ActiveCfg = Release|Any CPU
		{A16664A3-B4D3-4FE6-9301-5CF6A844DA35}.Release|Any CPU.Build.0 = Release|Any CPU
		{694807B1-527A-47D2-BF02-1821AA52868E}.Debug|Any CPU.ActiveCfg = Debug|Any CPU
		{694807B1-527A-47D2-BF02-1821AA52868E}.Debug|Any CPU.Build.0 = Debug|Any CPU
		{694807B1-527A-47D2-BF02-1821AA52868E}.Release|Any CPU.ActiveCfg = Release|Any CPU
		{694807B1-527A-47D2-BF02-1821AA52868E}.Release|Any CPU.Build.0 = Release|Any CPU
		{5C401BF0-5B53-48D9-A195-3C21473993C8}.Debug|Any CPU.ActiveCfg = Debug|Any CPU
		{5C401BF0-5B53-48D9-A195-3C21473993C8}.Debug|Any CPU.Build.0 = Debug|Any CPU
		{5C401BF0-5B53-48D9-A195-3C21473993C8}.Release|Any CPU.ActiveCfg = Release|Any CPU
		{5C401BF0-5B53-48D9-A195-3C21473993C8}.Release|Any CPU.Build.0 = Release|Any CPU
		{D81F07C5-C414-454E-9000-85FE5389775F}.Debug|Any CPU.ActiveCfg = Debug|Any CPU
		{D81F07C5-C414-454E-9000-85FE5389775F}.Debug|Any CPU.Build.0 = Debug|Any CPU
		{D81F07C5-C414-454E-9000-85FE5389775F}.Release|Any CPU.ActiveCfg = Release|Any CPU
		{D81F07C5-C414-454E-9000-85FE5389775F}.Release|Any CPU.Build.0 = Release|Any CPU
		{7E523EAB-CD1A-4C04-97FA-F7867B5043D9}.Debug|Any CPU.ActiveCfg = Debug|Any CPU
		{7E523EAB-CD1A-4C04-97FA-F7867B5043D9}.Debug|Any CPU.Build.0 = Debug|Any CPU
		{7E523EAB-CD1A-4C04-97FA-F7867B5043D9}.Release|Any CPU.ActiveCfg = Release|Any CPU
		{7E523EAB-CD1A-4C04-97FA-F7867B5043D9}.Release|Any CPU.Build.0 = Release|Any CPU
		{6DB5B320-81D5-4114-BC4E-1E636DF44F6F}.Debug|Any CPU.ActiveCfg = Debug|Any CPU
		{6DB5B320-81D5-4114-BC4E-1E636DF44F6F}.Debug|Any CPU.Build.0 = Debug|Any CPU
		{6DB5B320-81D5-4114-BC4E-1E636DF44F6F}.Release|Any CPU.ActiveCfg = Release|Any CPU
		{6DB5B320-81D5-4114-BC4E-1E636DF44F6F}.Release|Any CPU.Build.0 = Release|Any CPU
		{6EBDFC0B-497B-431E-932C-5884F429D355}.Debug|Any CPU.ActiveCfg = Debug|Any CPU
		{6EBDFC0B-497B-431E-932C-5884F429D355}.Debug|Any CPU.Build.0 = Debug|Any CPU
		{6EBDFC0B-497B-431E-932C-5884F429D355}.Release|Any CPU.ActiveCfg = Release|Any CPU
		{6EBDFC0B-497B-431E-932C-5884F429D355}.Release|Any CPU.Build.0 = Release|Any CPU
		{FF4AD936-BA9D-4900-A7BF-46C94F2F095E}.Debug|Any CPU.ActiveCfg = Debug|Any CPU
		{FF4AD936-BA9D-4900-A7BF-46C94F2F095E}.Debug|Any CPU.Build.0 = Debug|Any CPU
		{FF4AD936-BA9D-4900-A7BF-46C94F2F095E}.Release|Any CPU.ActiveCfg = Release|Any CPU
		{FF4AD936-BA9D-4900-A7BF-46C94F2F095E}.Release|Any CPU.Build.0 = Release|Any CPU
		{62F81A7B-5F35-44D4-9563-DA4EEDA71349}.Debug|Any CPU.ActiveCfg = Debug|Any CPU
		{62F81A7B-5F35-44D4-9563-DA4EEDA71349}.Debug|Any CPU.Build.0 = Debug|Any CPU
		{62F81A7B-5F35-44D4-9563-DA4EEDA71349}.Release|Any CPU.ActiveCfg = Release|Any CPU
		{62F81A7B-5F35-44D4-9563-DA4EEDA71349}.Release|Any CPU.Build.0 = Release|Any CPU
		{42C7360D-507A-46E9-97A3-DF44C453409C}.Debug|Any CPU.ActiveCfg = Debug|Any CPU
		{42C7360D-507A-46E9-97A3-DF44C453409C}.Debug|Any CPU.Build.0 = Debug|Any CPU
		{42C7360D-507A-46E9-97A3-DF44C453409C}.Release|Any CPU.ActiveCfg = Release|Any CPU
		{42C7360D-507A-46E9-97A3-DF44C453409C}.Release|Any CPU.Build.0 = Release|Any CPU
		{F5644768-E0FB-42D0-9BF2-689B87F22C0A}.Debug|Any CPU.ActiveCfg = Debug|Any CPU
		{F5644768-E0FB-42D0-9BF2-689B87F22C0A}.Debug|Any CPU.Build.0 = Debug|Any CPU
		{F5644768-E0FB-42D0-9BF2-689B87F22C0A}.Release|Any CPU.ActiveCfg = Release|Any CPU
		{F5644768-E0FB-42D0-9BF2-689B87F22C0A}.Release|Any CPU.Build.0 = Release|Any CPU
		{A0339B32-8A51-4207-B8DE-8A026E0E6BC8}.Debug|Any CPU.ActiveCfg = Debug|Any CPU
		{A0339B32-8A51-4207-B8DE-8A026E0E6BC8}.Debug|Any CPU.Build.0 = Debug|Any CPU
		{A0339B32-8A51-4207-B8DE-8A026E0E6BC8}.Release|Any CPU.ActiveCfg = Release|Any CPU
		{A0339B32-8A51-4207-B8DE-8A026E0E6BC8}.Release|Any CPU.Build.0 = Release|Any CPU
		{7DB7A898-67EA-403A-8CEB-455DF889504E}.Debug|Any CPU.ActiveCfg = Debug|Any CPU
		{7DB7A898-67EA-403A-8CEB-455DF889504E}.Debug|Any CPU.Build.0 = Debug|Any CPU
		{7DB7A898-67EA-403A-8CEB-455DF889504E}.Release|Any CPU.ActiveCfg = Release|Any CPU
		{7DB7A898-67EA-403A-8CEB-455DF889504E}.Release|Any CPU.Build.0 = Release|Any CPU
		{D4719CC7-9894-469E-95B5-46481415E546}.Debug|Any CPU.ActiveCfg = Debug|Any CPU
		{D4719CC7-9894-469E-95B5-46481415E546}.Debug|Any CPU.Build.0 = Debug|Any CPU
		{D4719CC7-9894-469E-95B5-46481415E546}.Release|Any CPU.ActiveCfg = Release|Any CPU
		{D4719CC7-9894-469E-95B5-46481415E546}.Release|Any CPU.Build.0 = Release|Any CPU
		{0F62E841-4A66-40D7-BCDC-7110B2FBE011}.Debug|Any CPU.ActiveCfg = Debug|Any CPU
		{0F62E841-4A66-40D7-BCDC-7110B2FBE011}.Debug|Any CPU.Build.0 = Debug|Any CPU
		{0F62E841-4A66-40D7-BCDC-7110B2FBE011}.Release|Any CPU.ActiveCfg = Release|Any CPU
		{0F62E841-4A66-40D7-BCDC-7110B2FBE011}.Release|Any CPU.Build.0 = Release|Any CPU
		{5C37A1AB-87BD-4604-896A-5CF5E698816B}.Debug|Any CPU.ActiveCfg = Debug|Any CPU
		{5C37A1AB-87BD-4604-896A-5CF5E698816B}.Debug|Any CPU.Build.0 = Debug|Any CPU
		{5C37A1AB-87BD-4604-896A-5CF5E698816B}.Release|Any CPU.ActiveCfg = Release|Any CPU
		{5C37A1AB-87BD-4604-896A-5CF5E698816B}.Release|Any CPU.Build.0 = Release|Any CPU
		{0ED99295-35E7-4745-BF91-CF9274200C0E}.Debug|Any CPU.ActiveCfg = Debug|Any CPU
		{0ED99295-35E7-4745-BF91-CF9274200C0E}.Debug|Any CPU.Build.0 = Debug|Any CPU
		{0ED99295-35E7-4745-BF91-CF9274200C0E}.Release|Any CPU.ActiveCfg = Release|Any CPU
		{0ED99295-35E7-4745-BF91-CF9274200C0E}.Release|Any CPU.Build.0 = Release|Any CPU
		{22191605-0282-4733-AB37-42399D824EA9}.Debug|Any CPU.ActiveCfg = Debug|Any CPU
		{22191605-0282-4733-AB37-42399D824EA9}.Debug|Any CPU.Build.0 = Debug|Any CPU
		{22191605-0282-4733-AB37-42399D824EA9}.Release|Any CPU.ActiveCfg = Release|Any CPU
		{22191605-0282-4733-AB37-42399D824EA9}.Release|Any CPU.Build.0 = Release|Any CPU
		{5EEB48AD-E276-4212-8D6D-75CCAA77520D}.Debug|Any CPU.ActiveCfg = Debug|Any CPU
		{5EEB48AD-E276-4212-8D6D-75CCAA77520D}.Debug|Any CPU.Build.0 = Debug|Any CPU
		{5EEB48AD-E276-4212-8D6D-75CCAA77520D}.Release|Any CPU.ActiveCfg = Release|Any CPU
		{5EEB48AD-E276-4212-8D6D-75CCAA77520D}.Release|Any CPU.Build.0 = Release|Any CPU
	EndGlobalSection
	GlobalSection(SolutionProperties) = preSolution
		HideSolutionNode = FALSE
	EndGlobalSection
	GlobalSection(ExtensibilityGlobals) = postSolution
		SolutionGuid = {205E2B6A-D5C7-491C-8C71-369F72C7A520}
	EndGlobalSection
EndGlobal
